DEPENDENCIES
  elixir
  git (~> 4.2.2)
  nodejs (~> 2.4.0)
  python (~> 1.4.6)

GRAPH
  7-zip (1.0.2)
    windows (>= 1.2.2)
  apt (2.7.0)
  ark (0.9.0)
    7-zip (>= 0.0.0)
    windows (>= 0.0.0)
  build-essential (2.2.3)
  chef_handler (1.1.9)
  dmg (2.2.2)
  elixir (0.10.0)
    apt (~> 2.7)
    erlang (>= 0.0.0)
    git (>= 0.0.0)
    github (>= 0.0.0)
    libarchive (~> 0.4)
  erlang (1.5.8)
    apt (>= 1.7.0)
    build-essential (>= 0.0.0)
    yum (~> 3.0)
    yum-epel (>= 0.0.0)
    yum-erlang_solutions (>= 0.0.0)
  git (4.2.2)
    build-essential (>= 0.0.0)
    dmg (>= 0.0.0)
    windows (>= 0.0.0)
    yum-epel (>= 0.0.0)
  github (0.3.0)
    libarchive (>= 0.0.0)
  homebrew (1.12.0)
    build-essential (>= 2.1.2)
  libarchive (0.5.0)
    apt (~> 2.5)
    build-essential (~> 2.0)
  nodejs (2.4.0)
    apt (>= 0.0.0)
    ark (>= 0.0.0)
    build-essential (>= 0.0.0)
    homebrew (>= 0.0.0)
    yum-epel (>= 0.0.0)
  python (1.4.6)
    build-essential (>= 0.0.0)
    yum-epel (>= 0.0.0)
  windows (1.37.0)
    chef_handler (>= 0.0.0)
  yum (3.6.1)
  yum-epel (0.6.0)
    yum (~> 3.0)
  yum-erlang_solutions (0.2.0)
    yum (~> 3.0)
